
Microsoft Visual Studio Solution File, Format Version 12.00
# Visual Studio Version 16
VisualStudioVersion = 16.0.30717.126
MinimumVisualStudioVersion = 10.0.40219.1
Project("{FAE04EC0-301F-11D3-BF4B-00C04F79EFBC}") = "day16", "day16\day16.csproj", "{B3F66C2E-CBC8-4DF8-ADC0-CA4117248373}"
EndProject
Global
	GlobalSection(SolutionConfigurationPlatforms) = preSolution
		Debug|Any CPU = Debug|Any CPU
		Release|Any CPU = Release|Any CPU
	EndGlobalSection
	GlobalSection(ProjectConfigurationPlatforms) = postSolution
		{B3F66C2E-CBC8-4DF8-ADC0-CA4117248373}.Debug|Any CPU.ActiveCfg = Debug|Any CPU
		{B3F66C2E-CBC8-4DF8-ADC0-CA4117248373}.Debug|Any CPU.Build.0 = Debug|Any CPU
		{B3F66C2E-CBC8-4DF8-ADC0-CA4117248373}.Release|Any CPU.ActiveCfg = Release|Any CPU
		{B3F66C2E-CBC8-4DF8-ADC0-CA4117248373}.Release|Any CPU.Build.0 = Release|Any CPU
	EndGlobalSection
	GlobalSection(SolutionProperties) = preSolution
		HideSolutionNode = FALSE
	EndGlobalSection
	GlobalSection(ExtensibilityGlobals) = postSolution
		SolutionGuid = {E9DE33D6-BED8-436B-B805-9A08948B48A5}
	EndGlobalSection
EndGlobal
