
Microsoft Visual Studio Solution File, Format Version 12.00
# Visual Studio Version 16
VisualStudioVersion = 16.0.30717.126
MinimumVisualStudioVersion = 10.0.40219.1
Project("{FAE04EC0-301F-11D3-BF4B-00C04F79EFBC}") = "day10", "day10\day10.csproj", "{516FBB4F-83B7-4718-A500-D94ED2FCECEA}"
EndProject
Global
	GlobalSection(SolutionConfigurationPlatforms) = preSolution
		Debug|Any CPU = Debug|Any CPU
		Release|Any CPU = Release|Any CPU
	EndGlobalSection
	GlobalSection(ProjectConfigurationPlatforms) = postSolution
		{516FBB4F-83B7-4718-A500-D94ED2FCECEA}.Debug|Any CPU.ActiveCfg = Debug|Any CPU
		{516FBB4F-83B7-4718-A500-D94ED2FCECEA}.Debug|Any CPU.Build.0 = Debug|Any CPU
		{516FBB4F-83B7-4718-A500-D94ED2FCECEA}.Release|Any CPU.ActiveCfg = Release|Any CPU
		{516FBB4F-83B7-4718-A500-D94ED2FCECEA}.Release|Any CPU.Build.0 = Release|Any CPU
	EndGlobalSection
	GlobalSection(SolutionProperties) = preSolution
		HideSolutionNode = FALSE
	EndGlobalSection
	GlobalSection(ExtensibilityGlobals) = postSolution
		SolutionGuid = {26682B19-862C-46C7-90AE-CFD2E3AEFFEB}
	EndGlobalSection
EndGlobal
