
Microsoft Visual Studio Solution File, Format Version 12.00
# Visual Studio Version 16
VisualStudioVersion = 16.0.30717.126
MinimumVisualStudioVersion = 10.0.40219.1
Project("{FAE04EC0-301F-11D3-BF4B-00C04F79EFBC}") = "day15", "day15\day15.csproj", "{450A5527-D5A7-4873-9511-F190F2AC42B9}"
EndProject
Global
	GlobalSection(SolutionConfigurationPlatforms) = preSolution
		Debug|Any CPU = Debug|Any CPU
		Release|Any CPU = Release|Any CPU
	EndGlobalSection
	GlobalSection(ProjectConfigurationPlatforms) = postSolution
		{450A5527-D5A7-4873-9511-F190F2AC42B9}.Debug|Any CPU.ActiveCfg = Debug|Any CPU
		{450A5527-D5A7-4873-9511-F190F2AC42B9}.Debug|Any CPU.Build.0 = Debug|Any CPU
		{450A5527-D5A7-4873-9511-F190F2AC42B9}.Release|Any CPU.ActiveCfg = Release|Any CPU
		{450A5527-D5A7-4873-9511-F190F2AC42B9}.Release|Any CPU.Build.0 = Release|Any CPU
	EndGlobalSection
	GlobalSection(SolutionProperties) = preSolution
		HideSolutionNode = FALSE
	EndGlobalSection
	GlobalSection(ExtensibilityGlobals) = postSolution
		SolutionGuid = {AEA856AA-8BF6-4BE5-B546-4B619A35F64A}
	EndGlobalSection
EndGlobal
