
Microsoft Visual Studio Solution File, Format Version 12.00
# Visual Studio Version 16
VisualStudioVersion = 16.0.30717.126
MinimumVisualStudioVersion = 10.0.40219.1
Project("{FAE04EC0-301F-11D3-BF4B-00C04F79EFBC}") = "day3", "day3.csproj", "{7BC0B14E-96A2-42A3-8554-F082683CEEBF}"
EndProject
Global
	GlobalSection(SolutionConfigurationPlatforms) = preSolution
		Debug|Any CPU = Debug|Any CPU
		Release|Any CPU = Release|Any CPU
	EndGlobalSection
	GlobalSection(ProjectConfigurationPlatforms) = postSolution
		{7BC0B14E-96A2-42A3-8554-F082683CEEBF}.Debug|Any CPU.ActiveCfg = Debug|Any CPU
		{7BC0B14E-96A2-42A3-8554-F082683CEEBF}.Debug|Any CPU.Build.0 = Debug|Any CPU
		{7BC0B14E-96A2-42A3-8554-F082683CEEBF}.Release|Any CPU.ActiveCfg = Release|Any CPU
		{7BC0B14E-96A2-42A3-8554-F082683CEEBF}.Release|Any CPU.Build.0 = Release|Any CPU
	EndGlobalSection
	GlobalSection(SolutionProperties) = preSolution
		HideSolutionNode = FALSE
	EndGlobalSection
	GlobalSection(ExtensibilityGlobals) = postSolution
		SolutionGuid = {69266ED0-F256-4935-92DE-D6D775FEE5CF}
	EndGlobalSection
EndGlobal
